
Microsoft Visual Studio Solution File, Format Version 12.00
# Visual Studio Version 17
VisualStudioVersion = 17.3.32804.467
MinimumVisualStudioVersion = 10.0.40219.1
Project("{2150E333-8FDC-42A3-9474-1A3956D46DE8}") = "Services", "Services", "{4831571F-E49C-4652-B0B0-3CC4230F9DE7}"
EndProject
Project("{2150E333-8FDC-42A3-9474-1A3956D46DE8}") = "Catalog", "Catalog", "{AD67AB09-1D31-48F0-BDD2-0677FC05D3F6}"
EndProject
Project("{9A19103F-16F7-4668-BE54-9A1E7A4F7556}") = "Catalog.API", "Services\Catalog\Catalog.API\Catalog.API.csproj", "{4D388902-D790-4598-87F2-32600FE740C8}"
EndProject
Project("{E53339B2-1760-4266-BCC7-CA923CBCF16C}") = "docker-compose", "docker-compose.dcproj", "{473E20C5-45DC-4102-8AAC-013725764A2E}"
EndProject
Project("{2150E333-8FDC-42A3-9474-1A3956D46DE8}") = "Basket", "Basket", "{FA358D60-1701-44AE-8B57-4D2C856ACBA7}"
EndProject
Project("{9A19103F-16F7-4668-BE54-9A1E7A4F7556}") = "Basket.API", "Services\Basket\Basket.API\Basket.API.csproj", "{07820A51-3885-457F-BEF3-3CA5BF7798E5}"
EndProject
Project("{2150E333-8FDC-42A3-9474-1A3956D46DE8}") = "Discount", "Discount", "{06C3BB86-9C8F-467F-9EA7-A0B448EB7999}"
EndProject
Project("{9A19103F-16F7-4668-BE54-9A1E7A4F7556}") = "Discount.API", "Services\Discount\Discount.API\Discount.API.csproj", "{5E6B30C1-A933-4458-9B6A-D236234BBAB4}"
EndProject
Project("{9A19103F-16F7-4668-BE54-9A1E7A4F7556}") = "Discount.Grpc", "Services\Discount\Discount.Grpc\Discount.Grpc.csproj", "{8E661D8D-5652-42E9-A737-F52DE0607DF0}"
EndProject
Project("{2150E333-8FDC-42A3-9474-1A3956D46DE8}") = "Ordering", "Ordering", "{6903FAAD-D860-4B2A-AE73-B85EAFBCDE59}"
EndProject
Project("{9A19103F-16F7-4668-BE54-9A1E7A4F7556}") = "Ordering.API", "Services\Ordering\Ordering.API\Ordering.API.csproj", "{17C76D02-DD7E-41E7-9BEC-3779F3224E07}"
EndProject
Project("{9A19103F-16F7-4668-BE54-9A1E7A4F7556}") = "Ordering.Domain", "Services\Ordering\Ordering.Domain\Ordering.Domain.csproj", "{29213534-B4BF-4312-A444-4F11706193D3}"
EndProject
Project("{9A19103F-16F7-4668-BE54-9A1E7A4F7556}") = "Ordering.Application", "Services\Ordering\Ordering.Application\Ordering.Application.csproj", "{9FEB2287-CEA2-4F18-91CE-703D782F5594}"
EndProject
Project("{9A19103F-16F7-4668-BE54-9A1E7A4F7556}") = "Ordering.Infrastructure", "Services\Ordering\Ordering.Infrastructure\Ordering.Infrastructure.csproj", "{6BEFFFDC-77A3-4157-906E-B16D86EB884B}"
EndProject
Project("{2150E333-8FDC-42A3-9474-1A3956D46DE8}") = "BuildingBlocks", "BuildingBlocks", "{AAE1B5AA-EE9E-4E65-9C6D-27E273BF9DE3}"
EndProject
Project("{9A19103F-16F7-4668-BE54-9A1E7A4F7556}") = "EventBus.Messages", "BuildingBlocks\EventBus.Messages\EventBus.Messages.csproj", "{42BEC4C1-E10D-42A8-AF45-7017BF3F0526}"
EndProject
Project("{2150E333-8FDC-42A3-9474-1A3956D46DE8}") = "ApiGateways", "ApiGateways", "{0C4403AB-9EBD-43CA-BD44-940D2E5665B4}"
EndProject
Project("{FAE04EC0-301F-11D3-BF4B-00C04F79EFBC}") = "OcelotApiGw", "ApiGateways\OcelotApiGw\OcelotApiGw.csproj", "{534E5149-C8D1-4FC4-80D3-2876A6E77154}"
EndProject
Global
	GlobalSection(SolutionConfigurationPlatforms) = preSolution
		Debug|Any CPU = Debug|Any CPU
		Release|Any CPU = Release|Any CPU
	EndGlobalSection
	GlobalSection(ProjectConfigurationPlatforms) = postSolution
		{4D388902-D790-4598-87F2-32600FE740C8}.Debug|Any CPU.ActiveCfg = Debug|Any CPU
		{4D388902-D790-4598-87F2-32600FE740C8}.Debug|Any CPU.Build.0 = Debug|Any CPU
		{4D388902-D790-4598-87F2-32600FE740C8}.Release|Any CPU.ActiveCfg = Release|Any CPU
		{4D388902-D790-4598-87F2-32600FE740C8}.Release|Any CPU.Build.0 = Release|Any CPU
		{473E20C5-45DC-4102-8AAC-013725764A2E}.Debug|Any CPU.ActiveCfg = Debug|Any CPU
		{473E20C5-45DC-4102-8AAC-013725764A2E}.Debug|Any CPU.Build.0 = Debug|Any CPU
		{473E20C5-45DC-4102-8AAC-013725764A2E}.Release|Any CPU.ActiveCfg = Release|Any CPU
		{473E20C5-45DC-4102-8AAC-013725764A2E}.Release|Any CPU.Build.0 = Release|Any CPU
		{07820A51-3885-457F-BEF3-3CA5BF7798E5}.Debug|Any CPU.ActiveCfg = Debug|Any CPU
		{07820A51-3885-457F-BEF3-3CA5BF7798E5}.Debug|Any CPU.Build.0 = Debug|Any CPU
		{07820A51-3885-457F-BEF3-3CA5BF7798E5}.Release|Any CPU.ActiveCfg = Release|Any CPU
		{07820A51-3885-457F-BEF3-3CA5BF7798E5}.Release|Any CPU.Build.0 = Release|Any CPU
		{5E6B30C1-A933-4458-9B6A-D236234BBAB4}.Debug|Any CPU.ActiveCfg = Debug|Any CPU
		{5E6B30C1-A933-4458-9B6A-D236234BBAB4}.Debug|Any CPU.Build.0 = Debug|Any CPU
		{5E6B30C1-A933-4458-9B6A-D236234BBAB4}.Release|Any CPU.ActiveCfg = Release|Any CPU
		{5E6B30C1-A933-4458-9B6A-D236234BBAB4}.Release|Any CPU.Build.0 = Release|Any CPU
		{8E661D8D-5652-42E9-A737-F52DE0607DF0}.Debug|Any CPU.ActiveCfg = Debug|Any CPU
		{8E661D8D-5652-42E9-A737-F52DE0607DF0}.Debug|Any CPU.Build.0 = Debug|Any CPU
		{8E661D8D-5652-42E9-A737-F52DE0607DF0}.Release|Any CPU.ActiveCfg = Release|Any CPU
		{8E661D8D-5652-42E9-A737-F52DE0607DF0}.Release|Any CPU.Build.0 = Release|Any CPU
		{17C76D02-DD7E-41E7-9BEC-3779F3224E07}.Debug|Any CPU.ActiveCfg = Debug|Any CPU
		{17C76D02-DD7E-41E7-9BEC-3779F3224E07}.Debug|Any CPU.Build.0 = Debug|Any CPU
		{17C76D02-DD7E-41E7-9BEC-3779F3224E07}.Release|Any CPU.ActiveCfg = Release|Any CPU
		{17C76D02-DD7E-41E7-9BEC-3779F3224E07}.Release|Any CPU.Build.0 = Release|Any CPU
		{29213534-B4BF-4312-A444-4F11706193D3}.Debug|Any CPU.ActiveCfg = Debug|Any CPU
		{29213534-B4BF-4312-A444-4F11706193D3}.Debug|Any CPU.Build.0 = Debug|Any CPU
		{29213534-B4BF-4312-A444-4F11706193D3}.Release|Any CPU.ActiveCfg = Release|Any CPU
		{29213534-B4BF-4312-A444-4F11706193D3}.Release|Any CPU.Build.0 = Release|Any CPU
		{9FEB2287-CEA2-4F18-91CE-703D782F5594}.Debug|Any CPU.ActiveCfg = Debug|Any CPU
		{9FEB2287-CEA2-4F18-91CE-703D782F5594}.Debug|Any CPU.Build.0 = Debug|Any CPU
		{9FEB2287-CEA2-4F18-91CE-703D782F5594}.Release|Any CPU.ActiveCfg = Release|Any CPU
		{9FEB2287-CEA2-4F18-91CE-703D782F5594}.Release|Any CPU.Build.0 = Release|Any CPU
		{6BEFFFDC-77A3-4157-906E-B16D86EB884B}.Debug|Any CPU.ActiveCfg = Debug|Any CPU
		{6BEFFFDC-77A3-4157-906E-B16D86EB884B}.Debug|Any CPU.Build.0 = Debug|Any CPU
		{6BEFFFDC-77A3-4157-906E-B16D86EB884B}.Release|Any CPU.ActiveCfg = Release|Any CPU
		{6BEFFFDC-77A3-4157-906E-B16D86EB884B}.Release|Any CPU.Build.0 = Release|Any CPU
		{42BEC4C1-E10D-42A8-AF45-7017BF3F0526}.Debug|Any CPU.ActiveCfg = Debug|Any CPU
		{42BEC4C1-E10D-42A8-AF45-7017BF3F0526}.Debug|Any CPU.Build.0 = Debug|Any CPU
		{42BEC4C1-E10D-42A8-AF45-7017BF3F0526}.Release|Any CPU.ActiveCfg = Release|Any CPU
		{42BEC4C1-E10D-42A8-AF45-7017BF3F0526}.Release|Any CPU.Build.0 = Release|Any CPU
		{534E5149-C8D1-4FC4-80D3-2876A6E77154}.Debug|Any CPU.ActiveCfg = Debug|Any CPU
		{534E5149-C8D1-4FC4-80D3-2876A6E77154}.Debug|Any CPU.Build.0 = Debug|Any CPU
		{534E5149-C8D1-4FC4-80D3-2876A6E77154}.Release|Any CPU.ActiveCfg = Release|Any CPU
		{534E5149-C8D1-4FC4-80D3-2876A6E77154}.Release|Any CPU.Build.0 = Release|Any CPU
	EndGlobalSection
	GlobalSection(SolutionProperties) = preSolution
		HideSolutionNode = FALSE
	EndGlobalSection
	GlobalSection(NestedProjects) = preSolution
		{AD67AB09-1D31-48F0-BDD2-0677FC05D3F6} = {4831571F-E49C-4652-B0B0-3CC4230F9DE7}
		{4D388902-D790-4598-87F2-32600FE740C8} = {AD67AB09-1D31-48F0-BDD2-0677FC05D3F6}
		{FA358D60-1701-44AE-8B57-4D2C856ACBA7} = {4831571F-E49C-4652-B0B0-3CC4230F9DE7}
		{07820A51-3885-457F-BEF3-3CA5BF7798E5} = {FA358D60-1701-44AE-8B57-4D2C856ACBA7}
		{06C3BB86-9C8F-467F-9EA7-A0B448EB7999} = {4831571F-E49C-4652-B0B0-3CC4230F9DE7}
		{5E6B30C1-A933-4458-9B6A-D236234BBAB4} = {06C3BB86-9C8F-467F-9EA7-A0B448EB7999}
		{8E661D8D-5652-42E9-A737-F52DE0607DF0} = {06C3BB86-9C8F-467F-9EA7-A0B448EB7999}
		{6903FAAD-D860-4B2A-AE73-B85EAFBCDE59} = {4831571F-E49C-4652-B0B0-3CC4230F9DE7}
		{17C76D02-DD7E-41E7-9BEC-3779F3224E07} = {6903FAAD-D860-4B2A-AE73-B85EAFBCDE59}
		{29213534-B4BF-4312-A444-4F11706193D3} = {6903FAAD-D860-4B2A-AE73-B85EAFBCDE59}
		{9FEB2287-CEA2-4F18-91CE-703D782F5594} = {6903FAAD-D860-4B2A-AE73-B85EAFBCDE59}
		{6BEFFFDC-77A3-4157-906E-B16D86EB884B} = {6903FAAD-D860-4B2A-AE73-B85EAFBCDE59}
		{42BEC4C1-E10D-42A8-AF45-7017BF3F0526} = {AAE1B5AA-EE9E-4E65-9C6D-27E273BF9DE3}
		{534E5149-C8D1-4FC4-80D3-2876A6E77154} = {0C4403AB-9EBD-43CA-BD44-940D2E5665B4}
	EndGlobalSection
	GlobalSection(ExtensibilityGlobals) = postSolution
		SolutionGuid = {711BF22D-FCE6-4186-ADB9-C79B674903BF}
	EndGlobalSection
EndGlobal
